Microsoft Visual Studio Solution File, Format Version 12.00
# Visual Studio Version 17
VisualStudioVersion = 17.5.2.0
MinimumVisualStudioVersion = 10.0.40219.1
Project("{FAE04EC0-301F-11D3-BF4B-00C04F79EFBC}") = "BalayBalayResort", "BalayBalayResort.csproj", "{900E1F9E-F667-A78C-7C8D-B47251720477}"
EndProject
Global
	GlobalSection(SolutionConfigurationPlatforms) = preSolution
		Debug|Any CPU = Debug|Any CPU
		Release|Any CPU = Release|Any CPU
	EndGlobalSection
	GlobalSection(ProjectConfigurationPlatforms) = postSolution
		{900E1F9E-F667-A78C-7C8D-B47251720477}.Debug|Any CPU.ActiveCfg = Debug|Any CPU
		{900E1F9E-F667-A78C-7C8D-B47251720477}.Debug|Any CPU.Build.0 = Debug|Any CPU
		{900E1F9E-F667-A78C-7C8D-B47251720477}.Release|Any CPU.ActiveCfg = Release|Any CPU
		{900E1F9E-F667-A78C-7C8D-B47251720477}.Release|Any CPU.Build.0 = Release|Any CPU
	EndGlobalSection
	GlobalSection(SolutionProperties) = preSolution
		HideSolutionNode = FALSE
	EndGlobalSection
	GlobalSection(ExtensibilityGlobals) = postSolution
		SolutionGuid = {18624D76-6082-4875-B043-98EB5F116833}
	EndGlobalSection
EndGlobal
